// !$*UTF8*$!
{
	archiveVersion = 1;
	classes = {
	};
	objectVersion = 46;
	objects = {

/* Begin PBXBuildFile section */
		A0085D3C1FC751560002C579 /* FirstTabViewController.m in Sources */ = {isa = PBXBuildFile; fileRef = A0085D3B1FC751560002C579 /* FirstTabViewController.m */; };
		A029A3531FCD72A600DF6AA5 /* TabDataClass.m in Sources */ = {isa = PBXBuildFile; fileRef = A029A3521FCD72A600DF6AA5 /* TabDataClass.m */; };
		A02E4FB31FD18AA400906EFF /* SceneKit.framework in Frameworks */ = {isa = PBXBuildFile; fileRef = A02E4FB21FD18AA400906EFF /* SceneKit.framework */; };
		A02E4FB51FD1901400906EFF /* AddressBook.framework in Frameworks */ = {isa = PBXBuildFile; fileRef = A02E4FB41FD1901400906EFF /* AddressBook.framework */; };
		A02E4FB71FD1902700906EFF /* CoreLocation.framework in Frameworks */ = {isa = PBXBuildFile; fileRef = A02E4FB61FD1902700906EFF /* CoreLocation.framework */; };
		A02E4FBA1FD1909B00906EFF /* MapViewController.m in Sources */ = {isa = PBXBuildFile; fileRef = A02E4FB91FD1909B00906EFF /* MapViewController.m */; };
		A02E4FBC1FD1929400906EFF /* MapKit.framework in Frameworks */ = {isa = PBXBuildFile; fileRef = A02E4FBB1FD1929400906EFF /* MapKit.framework */; };
		A031A4111FD6AD04003842A5 /* TopBar.png in Resources */ = {isa = PBXBuildFile; fileRef = A031A4101FD6AD04003842A5 /* TopBar.png */; };
		A033421F1FD6CBB8003E6F97 /* TabController.m in Sources */ = {isa = PBXBuildFile; fileRef = A033421E1FD6CBB8003E6F97 /* TabController.m */; };
		A03AD3DF1FC85B78009F1269 /* MaterialDetailViewController.m in Sources */ = {isa = PBXBuildFile; fileRef = A03AD3DE1FC85B78009F1269 /* MaterialDetailViewController.m */; };
		A058F3441FD96EC300BD4FAA /* ExampleModel.m in Sources */ = {isa = PBXBuildFile; fileRef = A058F3431FD96EC300BD4FAA /* ExampleModel.m */; };
		A058F3471FD9739100BD4FAA /* examplesTableViewController.m in Sources */ = {isa = PBXBuildFile; fileRef = A058F3461FD9739100BD4FAA /* examplesTableViewController.m */; };
		A08581F41FD1577A00781E53 /* SLS_printing.jpg in Resources */ = {isa = PBXBuildFile; fileRef = A08581F31FD1577A00781E53 /* SLS_printing.jpg */; };
		A08582071FD1790200781E53 /* StartViewController.m in Sources */ = {isa = PBXBuildFile; fileRef = A08582061FD1790200781E53 /* StartViewController.m */; };
		A085C8EB1FC73AA300041D5B /* material.m in Sources */ = {isa = PBXBuildFile; fileRef = A085C8EA1FC73AA300041D5B /* material.m */; };
		A08C057C1FD1C6300094BFD2 /* LaunchScreen.jpg in Resources */ = {isa = PBXBuildFile; fileRef = A08C057B1FD1C6300094BFD2 /* LaunchScreen.jpg */; };
		A08C05871FD1C82C0094BFD2 /* Logo Base.png in Resources */ = {isa = PBXBuildFile; fileRef = A08C05861FD1C82C0094BFD2 /* Logo Base.png */; };
		A09DF8B61FBB1A2700705C3A /* main.m in Sources */ = {isa = PBXBuildFile; fileRef = A09DF8B51FBB1A2700705C3A /* main.m */; };
		A09DF8B91FBB1A2700705C3A /* AppDelegate.m in Sources */ = {isa = PBXBuildFile; fileRef = A09DF8B81FBB1A2700705C3A /* AppDelegate.m */; };
		A09DF8BF1FBB1A2800705C3A /* SecondViewController.m in Sources */ = {isa = PBXBuildFile; fileRef = A09DF8BE1FBB1A2800705C3A /* SecondViewController.m */; };
		A09DF8C21FBB1A2800705C3A /* Main.storyboard in Resources */ = {isa = PBXBuildFile; fileRef = A09DF8C01FBB1A2800705C3A /* Main.storyboard */; };
		A09DF8C41FBB1A2800705C3A /* Assets.xcassets in Resources */ = {isa = PBXBuildFile; fileRef = A09DF8C31FBB1A2800705C3A /* Assets.xcassets */; };
		A09DF8C71FBB1A2800705C3A /* LaunchScreen.storyboard in Resources */ = {isa = PBXBuildFile; fileRef = A09DF8C51FBB1A2800705C3A /* LaunchScreen.storyboard */; };
		A09DF8D21FBB1A2900705C3A /* _DPrintMeAppTests.m in Sources */ = {isa = PBXBuildFile; fileRef = A09DF8D11FBB1A2900705C3A /* _DPrintMeAppTests.m */; };
		A09DF8DD1FBB1A2A00705C3A /* _DPrintMeAppUITests.m in Sources */ = {isa = PBXBuildFile; fileRef = A09DF8DC1FBB1A2A00705C3A /* _DPrintMeAppUITests.m */; };
		A0AAC6F01FD5915F00152110 /* STLParser.m in Sources */ = {isa = PBXBuildFile; fileRef = A0AAC6EF1FD5915F00152110 /* STLParser.m */; };
		A0ACEE811FD85FBF0083921B /* Material_ABS.jpg in Resources */ = {isa = PBXBuildFile; fileRef = A0ACEE7A1FD85FBF0083921B /* Material_ABS.jpg */; };
		A0ACEE821FD85FBF0083921B /* Material_ASA.jpg in Resources */ = {isa = PBXBuildFile; fileRef = A0ACEE7B1FD85FBF0083921B /* Material_ASA.jpg */; };
		A0ACEE831FD85FBF0083921B /* Material_Nylon.jpg in Resources */ = {isa = PBXBuildFile; fileRef = A0ACEE7C1FD85FBF0083921B /* Material_Nylon.jpg */; };
		A0ACEE841FD85FBF0083921B /* Material_PC.jpg in Resources */ = {isa = PBXBuildFile; fileRef = A0ACEE7D1FD85FBF0083921B /* Material_PC.jpg */; };
		A0ACEE851FD85FBF0083921B /* Material_PETG.jpg in Resources */ = {isa = PBXBuildFile; fileRef = A0ACEE7E1FD85FBF0083921B /* Material_PETG.jpg */; };
		A0ACEE861FD85FBF0083921B /* Material_PLA.jpg in Resources */ = {isa = PBXBuildFile; fileRef = A0ACEE7F1FD85FBF0083921B /* Material_PLA.jpg */; };
		A0ACEE871FD85FBF0083921B /* Material_TPU.jpg in Resources */ = {isa = PBXBuildFile; fileRef = A0ACEE801FD85FBF0083921B /* Material_TPU.jpg */; };
		A0B85D641FC462C6006ABC1E /* LearningCentreTableViewController.m in Sources */ = {isa = PBXBuildFile; fileRef = A0B85D631FC462C6006ABC1E /* LearningCentreTableViewController.m */; };
		A0B85D671FC469E6006ABC1E /* DetailViewController.m in Sources */ = {isa = PBXBuildFile; fileRef = A0B85D661FC469E6006ABC1E /* DetailViewController.m */; };
		A0C79AF81FC449D600379BE5 /* ThirdTabControllerViewController.m in Sources */ = {isa = PBXBuildFile; fileRef = A0C79AF71FC449D600379BE5 /* ThirdTabControllerViewController.m */; };
		A0C79AFB1FC44C4B00379BE5 /* process.m in Sources */ = {isa = PBXBuildFile; fileRef = A0C79AFA1FC44C4B00379BE5 /* process.m */; };
		A0C79AFE1FC459D800379BE5 /* DataModel.m in Sources */ = {isa = PBXBuildFile; fileRef = A0C79AFD1FC459D800379BE5 /* DataModel.m */; };
		A0D28A481FD93FE00086737E /* Hub.m in Sources */ = {isa = PBXBuildFile; fileRef = A0D28A471FD93FE00086737E /* Hub.m */; };
		A0D28A4E1FD95B800086737E /* modelViewer.m in Sources */ = {isa = PBXBuildFile; fileRef = A0D28A4D1FD95B800086737E /* modelViewer.m */; };
		A0D28A531FD963940086737E /* 3dObject.stl in Resources */ = {isa = PBXBuildFile; fileRef = A0D28A521FD963940086737E /* 3dObject.stl */; };
		A0F331621FD0154A00361E11 /* FDM_printing.png in Resources */ = {isa = PBXBuildFile; fileRef = A0F331601FD0154700361E11 /* FDM_printing.png */; };
		A0F331631FD0154A00361E11 /* SLA_printing.png in Resources */ = {isa = PBXBuildFile; fileRef = A0F331611FD0154A00361E11 /* SLA_printing.png */; };
/* End PBXBuildFile section */

/* Begin PBXContainerItemProxy section */
		A09DF8CE1FBB1A2900705C3A /* PBXContainerItemProxy */ = {
			isa = PBXContainerItemProxy;
			containerPortal = A09DF8A91FBB1A2600705C3A /* Project object */;
			proxyType = 1;
			remoteGlobalIDString = A09DF8B01FBB1A2700705C3A;
			remoteInfo = 3DPrintMeApp;
		};
		A09DF8D91FBB1A2A00705C3A /* PBXContainerItemProxy */ = {
			isa = PBXContainerItemProxy;
			containerPortal = A09DF8A91FBB1A2600705C3A /* Project object */;
			proxyType = 1;
			remoteGlobalIDString = A09DF8B01FBB1A2700705C3A;
			remoteInfo = 3DPrintMeApp;
		};
/* End PBXContainerItemProxy section */

/* Begin PBXFileReference section */
		A0085D3A1FC751560002C579 /* FirstTabViewController.h */ = {isa = PBXFileReference; fileEncoding = 4; lastKnownFileType = sourcecode.c.h; path = FirstTabViewController.h; sourceTree = "<group>"; };
		A0085D3B1FC751560002C579 /* FirstTabViewController.m */ = {isa = PBXFileReference; fileEncoding = 4; lastKnownFileType = sourcecode.c.objc; path = FirstTabViewController.m; sourceTree = "<group>"; };
		A029A3511FCD72A600DF6AA5 /* TabDataClass.h */ = {isa = PBXFileReference; fileEncoding = 4; lastKnownFileType = sourcecode.c.h; path = TabDataClass.h; sourceTree = "<group>"; };
		A029A3521FCD72A600DF6AA5 /* TabDataClass.m */ = {isa = PBXFileReference; fileEncoding = 4; lastKnownFileType = sourcecode.c.objc; path = TabDataClass.m; sourceTree = "<group>"; };
		A02E4FB21FD18AA400906EFF /* SceneKit.framework */ = {isa = PBXFileReference; lastKnownFileType = wrapper.framework; name = SceneKit.framework; path = System/Library/Frameworks/SceneKit.framework; sourceTree = SDKROOT; };
		A02E4FB41FD1901400906EFF /* AddressBook.framework */ = {isa = PBXFileReference; lastKnownFileType = wrapper.framework; name = AddressBook.framework; path = System/Library/Frameworks/AddressBook.framework; sourceTree = SDKROOT; };
		A02E4FB61FD1902700906EFF /* CoreLocation.framework */ = {isa = PBXFileReference; lastKnownFileType = wrapper.framework; name = CoreLocation.framework; path = System/Library/Frameworks/CoreLocation.framework; sourceTree = SDKROOT; };
		A02E4FB81FD1909B00906EFF /* MapViewController.h */ = {isa = PBXFileReference; fileEncoding = 4; lastKnownFileType = sourcecode.c.h; path = MapViewController.h; sourceTree = "<group>"; };
		A02E4FB91FD1909B00906EFF /* MapViewController.m */ = {isa = PBXFileReference; fileEncoding = 4; lastKnownFileType = sourcecode.c.objc; path = MapViewController.m; sourceTree = "<group>"; };
		A02E4FBB1FD1929400906EFF /* MapKit.framework */ = {isa = PBXFileReference; lastKnownFileType = wrapper.framework; name = MapKit.framework; path = System/Library/Frameworks/MapKit.framework; sourceTree = SDKROOT; };
		A031A4101FD6AD04003842A5 /* TopBar.png */ = {isa = PBXFileReference; lastKnownFileType = image.png; path = TopBar.png; sourceTree = "<group>"; };
		A033421D1FD6CBB8003E6F97 /* TabController.h */ = {isa = PBXFileReference; fileEncoding = 4; lastKnownFileType = sourcecode.c.h; path = TabController.h; sourceTree = "<group>"; };
		A033421E1FD6CBB8003E6F97 /* TabController.m */ = {isa = PBXFileReference; fileEncoding = 4; lastKnownFileType = sourcecode.c.objc; path = TabController.m; sourceTree = "<group>"; };
		A03AD3DD1FC85B78009F1269 /* MaterialDetailViewController.h */ = {isa = PBXFileReference; fileEncoding = 4; lastKnownFileType = sourcecode.c.h; path = MaterialDetailViewController.h; sourceTree = "<group>"; };
		A03AD3DE1FC85B78009F1269 /* MaterialDetailViewController.m */ = {isa = PBXFileReference; fileEncoding = 4; lastKnownFileType = sourcecode.c.objc; path = MaterialDetailViewController.m; sourceTree = "<group>"; };
		A058F3421FD96EC300BD4FAA /* ExampleModel.h */ = {isa = PBXFileReference; fileEncoding = 4; lastKnownFileType = sourcecode.c.h; path = ExampleModel.h; sourceTree = "<group>"; };
		A058F3431FD96EC300BD4FAA /* ExampleModel.m */ = {isa = PBXFileReference; fileEncoding = 4; lastKnownFileType = sourcecode.c.objc; path = ExampleModel.m; sourceTree = "<group>"; };
		A058F3451FD9739100BD4FAA /* examplesTableViewController.h */ = {isa = PBXFileReference; fileEncoding = 4; lastKnownFileType = sourcecode.c.h; path = examplesTableViewController.h; sourceTree = "<group>"; };
		A058F3461FD9739100BD4FAA /* examplesTableViewController.m */ = {isa = PBXFileReference; fileEncoding = 4; lastKnownFileType = sourcecode.c.objc; path = examplesTableViewController.m; sourceTree = "<group>"; };
		A08581F31FD1577A00781E53 /* SLS_printing.jpg */ = {isa = PBXFileReference; lastKnownFileType = image.jpeg; path = SLS_printing.jpg; sourceTree = "<group>"; };
		A08582051FD1790200781E53 /* StartViewController.h */ = {isa = PBXFileReference; fileEncoding = 4; lastKnownFileType = sourcecode.c.h; path = StartViewController.h; sourceTree = "<group>"; };
		A08582061FD1790200781E53 /* StartViewController.m */ = {isa = PBXFileReference; fileEncoding = 4; lastKnownFileType = sourcecode.c.objc; path = StartViewController.m; sourceTree = "<group>"; };
		A085820B1FD17A1B00781E53 /* AppConstants.h */ = {isa = PBXFileReference; lastKnownFileType = sourcecode.c.h; path = AppConstants.h; sourceTree = "<group>"; };
		A085C8E91FC73AA300041D5B /* material.h */ = {isa = PBXFileReference; fileEncoding = 4; lastKnownFileType = sourcecode.c.h; path = material.h; sourceTree = "<group>"; };
		A085C8EA1FC73AA300041D5B /* material.m */ = {isa = PBXFileReference; fileEncoding = 4; lastKnownFileType = sourcecode.c.objc; path = material.m; sourceTree = "<group>"; };
		A08C057B1FD1C6300094BFD2 /* LaunchScreen.jpg */ = {isa = PBXFileReference; lastKnownFileType = image.jpeg; path = LaunchScreen.jpg; sourceTree = "<group>"; };
		A08C05861FD1C82C0094BFD2 /* Logo Base.png */ = {isa = PBXFileReference; lastKnownFileType = image.png; path = "Logo Base.png"; sourceTree = "<group>"; };
		A09DF8B11FBB1A2700705C3A /* 3DPrintMeApp.app */ = {isa = PBXFileReference; explicitFileType = wrapper.application; includeInIndex = 0; path = 3DPrintMeApp.app; sourceTree = BUILT_PRODUCTS_DIR; };
		A09DF8B51FBB1A2700705C3A /* main.m */ = {isa = PBXFileReference; lastKnownFileType = sourcecode.c.objc; path = main.m; sourceTree = "<group>"; };
		A09DF8B71FBB1A2700705C3A /* AppDelegate.h */ = {isa = PBXFileReference; lastKnownFileType = sourcecode.c.h; path = AppDelegate.h; sourceTree = "<group>"; };
		A09DF8B81FBB1A2700705C3A /* AppDelegate.m */ = {isa = PBXFileReference; lastKnownFileType = sourcecode.c.objc; path = AppDelegate.m; sourceTree = "<group>"; };
		A09DF8BD1FBB1A2800705C3A /* SecondViewController.h */ = {isa = PBXFileReference; lastKnownFileType = sourcecode.c.h; path = SecondViewController.h; sourceTree = "<group>"; };
		A09DF8BE1FBB1A2800705C3A /* SecondViewController.m */ = {isa = PBXFileReference; lastKnownFileType = sourcecode.c.objc; path = SecondViewController.m; sourceTree = "<group>"; };
		A09DF8C11FBB1A2800705C3A /* Base */ = {isa = PBXFileReference; lastKnownFileType = file.storyboard; name = Base; path = Base.lproj/Main.storyboard; sourceTree = "<group>"; };
		A09DF8C31FBB1A2800705C3A /* Assets.xcassets */ = {isa = PBXFileReference; lastKnownFileType = folder.assetcatalog; path = Assets.xcassets; sourceTree = "<group>"; };
		A09DF8C61FBB1A2800705C3A /* Base */ = {isa = PBXFileReference; lastKnownFileType = file.storyboard; name = Base; path = Base.lproj/LaunchScreen.storyboard; sourceTree = "<group>"; };
		A09DF8C81FBB1A2900705C3A /* Info.plist */ = {isa = PBXFileReference; lastKnownFileType = text.plist.xml; path = Info.plist; sourceTree = "<group>"; };
		A09DF8CD1FBB1A2900705C3A /* 3DPrintMeAppTests.xctest */ = {isa = PBXFileReference; explicitFileType = wrapper.cfbundle; includeInIndex = 0; path = 3DPrintMeAppTests.xctest; sourceTree = BUILT_PRODUCTS_DIR; };
		A09DF8D11FBB1A2900705C3A /* _DPrintMeAppTests.m */ = {isa = PBXFileReference; lastKnownFileType = sourcecode.c.objc; path = _DPrintMeAppTests.m; sourceTree = "<group>"; };
		A09DF8D31FBB1A2A00705C3A /* Info.plist */ = {isa = PBXFileReference; lastKnownFileType = text.plist.xml; path = Info.plist; sourceTree = "<group>"; };
		A09DF8D81FBB1A2A00705C3A /* 3DPrintMeAppUITests.xctest */ = {isa = PBXFileReference; explicitFileType = wrapper.cfbundle; includeInIndex = 0; path = 3DPrintMeAppUITests.xctest; sourceTree = BUILT_PRODUCTS_DIR; };
		A09DF8DC1FBB1A2A00705C3A /* _DPrintMeAppUITests.m */ = {isa = PBXFileReference; lastKnownFileType = sourcecode.c.objc; path = _DPrintMeAppUITests.m; sourceTree = "<group>"; };
		A09DF8DE1FBB1A2A00705C3A /* Info.plist */ = {isa = PBXFileReference; lastKnownFileType = text.plist.xml; path = Info.plist; sourceTree = "<group>"; };
		A0AAC6ED1FD5914600152110 /* HxSTLParser.h */ = {isa = PBXFileReference; lastKnownFileType = sourcecode.c.h; path = HxSTLParser.h; sourceTree = "<group>"; };
		A0AAC6EE1FD5915F00152110 /* STLParser.h */ = {isa = PBXFileReference; fileEncoding = 4; lastKnownFileType = sourcecode.c.h; path = STLParser.h; sourceTree = "<group>"; };
		A0AAC6EF1FD5915F00152110 /* STLParser.m */ = {isa = PBXFileReference; fileEncoding = 4; lastKnownFileType = sourcecode.c.objc; path = STLParser.m; sourceTree = "<group>"; };
		A0ACEE7A1FD85FBF0083921B /* Material_ABS.jpg */ = {isa = PBXFileReference; lastKnownFileType = image.jpeg; path = Material_ABS.jpg; sourceTree = "<group>"; };
		A0ACEE7B1FD85FBF0083921B /* Material_ASA.jpg */ = {isa = PBXFileReference; lastKnownFileType = image.jpeg; path = Material_ASA.jpg; sourceTree = "<group>"; };
		A0ACEE7C1FD85FBF0083921B /* Material_Nylon.jpg */ = {isa = PBXFileReference; lastKnownFileType = image.jpeg; path = Material_Nylon.jpg; sourceTree = "<group>"; };
		A0ACEE7D1FD85FBF0083921B /* Material_PC.jpg */ = {isa = PBXFileReference; lastKnownFileType = image.jpeg; path = Material_PC.jpg; sourceTree = "<group>"; };
		A0ACEE7E1FD85FBF0083921B /* Material_PETG.jpg */ = {isa = PBXFileReference; lastKnownFileType = image.jpeg; path = Material_PETG.jpg; sourceTree = "<group>"; };
		A0ACEE7F1FD85FBF0083921B /* Material_PLA.jpg */ = {isa = PBXFileReference; lastKnownFileType = image.jpeg; path = Material_PLA.jpg; sourceTree = "<group>"; };
		A0ACEE801FD85FBF0083921B /* Material_TPU.jpg */ = {isa = PBXFileReference; lastKnownFileType = image.jpeg; path = Material_TPU.jpg; sourceTree = "<group>"; };
		A0B85D621FC462C6006ABC1E /* LearningCentreTableViewController.h */ = {isa = PBXFileReference; fileEncoding = 4; lastKnownFileType = sourcecode.c.h; path = LearningCentreTableViewController.h; sourceTree = "<group>"; };
		A0B85D631FC462C6006ABC1E /* LearningCentreTableViewController.m */ = {isa = PBXFileReference; fileEncoding = 4; lastKnownFileType = sourcecode.c.objc; path = LearningCentreTableViewController.m; sourceTree = "<group>"; };
		A0B85D651FC469E6006ABC1E /* DetailViewController.h */ = {isa = PBXFileReference; fileEncoding = 4; lastKnownFileType = sourcecode.c.h; path = DetailViewController.h; sourceTree = "<group>"; };
		A0B85D661FC469E6006ABC1E /* DetailViewController.m */ = {isa = PBXFileReference; fileEncoding = 4; lastKnownFileType = sourcecode.c.objc; path = DetailViewController.m; sourceTree = "<group>"; };
		A0C79AF61FC449D600379BE5 /* ThirdTabControllerViewController.h */ = {isa = PBXFileReference; fileEncoding = 4; lastKnownFileType = sourcecode.c.h; path = ThirdTabControllerViewController.h; sourceTree = "<group>"; };
		A0C79AF71FC449D600379BE5 /* ThirdTabControllerViewController.m */ = {isa = PBXFileReference; fileEncoding = 4; lastKnownFileType = sourcecode.c.objc; path = ThirdTabControllerViewController.m; sourceTree = "<group>"; };
		A0C79AF91FC44C4B00379BE5 /* process.h */ = {isa = PBXFileReference; fileEncoding = 4; lastKnownFileType = sourcecode.c.h; path = process.h; sourceTree = "<group>"; };
		A0C79AFA1FC44C4B00379BE5 /* process.m */ = {isa = PBXFileReference; fileEncoding = 4; lastKnownFileType = sourcecode.c.objc; path = process.m; sourceTree = "<group>"; };
		A0C79AFC1FC459D800379BE5 /* DataModel.h */ = {isa = PBXFileReference; fileEncoding = 4; lastKnownFileType = sourcecode.c.h; path = DataModel.h; sourceTree = "<group>"; };
		A0C79AFD1FC459D800379BE5 /* DataModel.m */ = {isa = PBXFileReference; fileEncoding = 4; lastKnownFileType = sourcecode.c.objc; path = DataModel.m; sourceTree = "<group>"; };
		A0D28A461FD93FE00086737E /* Hub.h */ = {isa = PBXFileReference; fileEncoding = 4; lastKnownFileType = sourcecode.c.h; path = Hub.h; sourceTree = "<group>"; };
		A0D28A471FD93FE00086737E /* Hub.m */ = {isa = PBXFileReference; fileEncoding = 4; lastKnownFileType = sourcecode.c.objc; path = Hub.m; sourceTree = "<group>"; };
		A0D28A4C1FD95B800086737E /* modelViewer.h */ = {isa = PBXFileReference; fileEncoding = 4; lastKnownFileType = sourcecode.c.h; path = modelViewer.h; sourceTree = "<group>"; };
		A0D28A4D1FD95B800086737E /* modelViewer.m */ = {isa = PBXFileReference; fileEncoding = 4; lastKnownFileType = sourcecode.c.objc; path = modelViewer.m; sourceTree = "<group>"; };
		A0D28A521FD963940086737E /* 3dObject.stl */ = {isa = PBXFileReference; fileEncoding = 4; lastKnownFileType = text; path = 3dObject.stl; sourceTree = "<group>"; };
		A0F331601FD0154700361E11 /* FDM_printing.png */ = {isa = PBXFileReference; lastKnownFileType = image.png; path = FDM_printing.png; sourceTree = "<group>"; };
		A0F331611FD0154A00361E11 /* SLA_printing.png */ = {isa = PBXFileReference; lastKnownFileType = image.png; path = SLA_printing.png; sourceTree = "<group>"; };
/* End PBXFileReference section */

/* Begin PBXFrameworksBuildPhase section */
		A09DF8AE1FBB1A2700705C3A /* Frameworks */ = {
			isa = PBXFrameworksBuildPhase;
			buildActionMask = 2147483647;
			files = (
				A02E4FBC1FD1929400906EFF /* MapKit.framework in Frameworks */,
				A02E4FB71FD1902700906EFF /* CoreLocation.framework in Frameworks */,
				A02E4FB51FD1901400906EFF /* AddressBook.framework in Frameworks */,
				A02E4FB31FD18AA400906EFF /* SceneKit.framework in Frameworks */,
			);
			runOnlyForDeploymentPostprocessing = 0;
		};
		A09DF8CA1FBB1A2900705C3A /* Frameworks */ = {
			isa = PBXFrameworksBuildPhase;
			buildActionMask = 2147483647;
			files = (
			);
			runOnlyForDeploymentPostprocessing = 0;
		};
		A09DF8D51FBB1A2A00705C3A /* Frameworks */ = {
			isa = PBXFrameworksBuildPhase;
			buildActionMask = 2147483647;
			files = (
			);
			runOnlyForDeploymentPostprocessing = 0;
		};
/* End PBXFrameworksBuildPhase section */

/* Begin PBXGroup section */
		A02E4FB11FD18AA400906EFF /* Frameworks */ = {
			isa = PBXGroup;
			children = (
				A02E4FBB1FD1929400906EFF /* MapKit.framework */,
				A02E4FB61FD1902700906EFF /* CoreLocation.framework */,
				A02E4FB41FD1901400906EFF /* AddressBook.framework */,
				A02E4FB21FD18AA400906EFF /* SceneKit.framework */,
			);
			name = Frameworks;
			sourceTree = "<group>";
		};
		A058F3401FD969AC00BD4FAA /* 3D Viewer */ = {
			isa = PBXGroup;
			children = (
				A0AAC6EE1FD5915F00152110 /* STLParser.h */,
				A0AAC6EF1FD5915F00152110 /* STLParser.m */,
				A0AAC6ED1FD5914600152110 /* HxSTLParser.h */,
				A0D28A4C1FD95B800086737E /* modelViewer.h */,
				A0D28A4D1FD95B800086737E /* modelViewer.m */,
				A058F3451FD9739100BD4FAA /* examplesTableViewController.h */,
				A058F3461FD9739100BD4FAA /* examplesTableViewController.m */,
			);
			name = "3D Viewer";
			sourceTree = "<group>";
		};
		A058F3411FD96E8C00BD4FAA /* STL Files */ = {
			isa = PBXGroup;
			children = (
			);
			name = "STL Files";
			sourceTree = "<group>";
		};
		A085C8ED1FC73AD500041D5B /* Data Model Related */ = {
			isa = PBXGroup;
			children = (
				A085C8E91FC73AA300041D5B /* material.h */,
				A085C8EA1FC73AA300041D5B /* material.m */,
				A0C79AF91FC44C4B00379BE5 /* process.h */,
				A0C79AFA1FC44C4B00379BE5 /* process.m */,
				A0C79AFC1FC459D800379BE5 /* DataModel.h */,
				A0C79AFD1FC459D800379BE5 /* DataModel.m */,
				A029A3511FCD72A600DF6AA5 /* TabDataClass.h */,
				A029A3521FCD72A600DF6AA5 /* TabDataClass.m */,
				A0D28A461FD93FE00086737E /* Hub.h */,
				A0D28A471FD93FE00086737E /* Hub.m */,
				A058F3421FD96EC300BD4FAA /* ExampleModel.h */,
				A058F3431FD96EC300BD4FAA /* ExampleModel.m */,
			);
			name = "Data Model Related";
			sourceTree = "<group>";
		};
		A085C8EE1FC73B0500041D5B /* Multimedia Resources */ = {
			isa = PBXGroup;
			children = (
				A058F3411FD96E8C00BD4FAA /* STL Files */,
				A0D28A521FD963940086737E /* 3dObject.stl */,
				A0ACEE791FD85F470083921B /* Material Images */,
				A0ACEE781FD85F2D0083921B /* Other Images */,
				A08C057D1FD1C6C50094BFD2 /* Process Images */,
			);
			name = "Multimedia Resources";
			sourceTree = "<group>";
		};
		A085C8EF1FC73B1D00041D5B /* Storyboards */ = {
			isa = PBXGroup;
			children = (
				A09DF8C51FBB1A2800705C3A /* LaunchScreen.storyboard */,
				A09DF8C01FBB1A2800705C3A /* Main.storyboard */,
			);
			name = Storyboards;
			sourceTree = "<group>";
		};
		A085C8F01FC73B3C00041D5B /* Tab View Controllers */ = {
			isa = PBXGroup;
			children = (
				A0085D3A1FC751560002C579 /* FirstTabViewController.h */,
				A0085D3B1FC751560002C579 /* FirstTabViewController.m */,
				A0C79AF61FC449D600379BE5 /* ThirdTabControllerViewController.h */,
				A0C79AF71FC449D600379BE5 /* ThirdTabControllerViewController.m */,
				A09DF8BD1FBB1A2800705C3A /* SecondViewController.h */,
				A09DF8BE1FBB1A2800705C3A /* SecondViewController.m */,
				A02E4FB81FD1909B00906EFF /* MapViewController.h */,
				A02E4FB91FD1909B00906EFF /* MapViewController.m */,
				A033421D1FD6CBB8003E6F97 /* TabController.h */,
				A033421E1FD6CBB8003E6F97 /* TabController.m */,
			);
			name = "Tab View Controllers";
			sourceTree = "<group>";
		};
		A085C8F11FC73B5700041D5B /* Learning Centre View Controllers */ = {
			isa = PBXGroup;
			children = (
				A0B85D621FC462C6006ABC1E /* LearningCentreTableViewController.h */,
				A0B85D631FC462C6006ABC1E /* LearningCentreTableViewController.m */,
				A0B85D651FC469E6006ABC1E /* DetailViewController.h */,
				A0B85D661FC469E6006ABC1E /* DetailViewController.m */,
				A03AD3DD1FC85B78009F1269 /* MaterialDetailViewController.h */,
				A03AD3DE1FC85B78009F1269 /* MaterialDetailViewController.m */,
			);
			name = "Learning Centre View Controllers";
			sourceTree = "<group>";
		};
		A08C057D1FD1C6C50094BFD2 /* Process Images */ = {
			isa = PBXGroup;
			children = (
				A08581F31FD1577A00781E53 /* SLS_printing.jpg */,
				A0F331601FD0154700361E11 /* FDM_printing.png */,
				A0F331611FD0154A00361E11 /* SLA_printing.png */,
			);
			name = "Process Images";
			sourceTree = "<group>";
		};
		A09DF8A81FBB1A2600705C3A = {
			isa = PBXGroup;
			children = (
				A09DF8B31FBB1A2700705C3A /* 3DPrintMeApp */,
				A09DF8D01FBB1A2900705C3A /* 3DPrintMeAppTests */,
				A09DF8DB1FBB1A2A00705C3A /* 3DPrintMeAppUITests */,
				A09DF8B21FBB1A2700705C3A /* Products */,
				A02E4FB11FD18AA400906EFF /* Frameworks */,
			);
			sourceTree = "<group>";
		};
		A09DF8B21FBB1A2700705C3A /* Products */ = {
			isa = PBXGroup;
			children = (
				A09DF8B11FBB1A2700705C3A /* 3DPrintMeApp.app */,
				A09DF8CD1FBB1A2900705C3A /* 3DPrintMeAppTests.xctest */,
				A09DF8D81FBB1A2A00705C3A /* 3DPrintMeAppUITests.xctest */,
			);
			name = Products;
			sourceTree = "<group>";
		};
		A09DF8B31FBB1A2700705C3A /* 3DPrintMeApp */ = {
			isa = PBXGroup;
			children = (
				A085820B1FD17A1B00781E53 /* AppConstants.h */,
				A08582051FD1790200781E53 /* StartViewController.h */,
				A08582061FD1790200781E53 /* StartViewController.m */,
				A058F3401FD969AC00BD4FAA /* 3D Viewer */,
				A085C8F11FC73B5700041D5B /* Learning Centre View Controllers */,
				A085C8F01FC73B3C00041D5B /* Tab View Controllers */,
				A085C8EF1FC73B1D00041D5B /* Storyboards */,
				A085C8EE1FC73B0500041D5B /* Multimedia Resources */,
				A085C8ED1FC73AD500041D5B /* Data Model Related */,
				A09DF8B71FBB1A2700705C3A /* AppDelegate.h */,
				A09DF8B81FBB1A2700705C3A /* AppDelegate.m */,
				A09DF8C31FBB1A2800705C3A /* Assets.xcassets */,
				A09DF8B41FBB1A2700705C3A /* Supporting Files */,
			);
			path = 3DPrintMeApp;
			sourceTree = "<group>";
		};
		A09DF8B41FBB1A2700705C3A /* Supporting Files */ = {
			isa = PBXGroup;
			children = (
				A09DF8C81FBB1A2900705C3A /* Info.plist */,
				A09DF8B51FBB1A2700705C3A /* main.m */,
			);
			name = "Supporting Files";
			sourceTree = "<group>";
		};
		A09DF8D01FBB1A2900705C3A /* 3DPrintMeAppTests */ = {
			isa = PBXGroup;
			children = (
				A09DF8D11FBB1A2900705C3A /* _DPrintMeAppTests.m */,
				A09DF8D31FBB1A2A00705C3A /* Info.plist */,
			);
			path = 3DPrintMeAppTests;
			sourceTree = "<group>";
		};
		A09DF8DB1FBB1A2A00705C3A /* 3DPrintMeAppUITests */ = {
			isa = PBXGroup;
			children = (
				A09DF8DC1FBB1A2A00705C3A /* _DPrintMeAppUITests.m */,
				A09DF8DE1FBB1A2A00705C3A /* Info.plist */,
			);
			path = 3DPrintMeAppUITests;
			sourceTree = "<group>";
		};
		A0ACEE781FD85F2D0083921B /* Other Images */ = {
			isa = PBXGroup;
			children = (
				A031A4101FD6AD04003842A5 /* TopBar.png */,
				A08C057B1FD1C6300094BFD2 /* LaunchScreen.jpg */,
				A08C05861FD1C82C0094BFD2 /* Logo Base.png */,
			);
			name = "Other Images";
			sourceTree = "<group>";
		};
		A0ACEE791FD85F470083921B /* Material Images */ = {
			isa = PBXGroup;
			children = (
				A0ACEE7A1FD85FBF0083921B /* Material_ABS.jpg */,
				A0ACEE7B1FD85FBF0083921B /* Material_ASA.jpg */,
				A0ACEE7C1FD85FBF0083921B /* Material_Nylon.jpg */,
				A0ACEE7D1FD85FBF0083921B /* Material_PC.jpg */,
				A0ACEE7E1FD85FBF0083921B /* Material_PETG.jpg */,
				A0ACEE7F1FD85FBF0083921B /* Material_PLA.jpg */,
				A0ACEE801FD85FBF0083921B /* Material_TPU.jpg */,
			);
			name = "Material Images";
			sourceTree = "<group>";
		};
/* End PBXGroup section */

/* Begin PBXNativeTarget section */
		A09DF8B01FBB1A2700705C3A /* 3DPrintMeApp */ = {
			isa = PBXNativeTarget;
			buildConfigurationList = A09DF8E11FBB1A2A00705C3A /* Build configuration list for PBXNativeTarget "3DPrintMeApp" */;
			buildPhases = (
				A09DF8AD1FBB1A2700705C3A /* Sources */,
				A09DF8AE1FBB1A2700705C3A /* Frameworks */,
				A09DF8AF1FBB1A2700705C3A /* Resources */,
			);
			buildRules = (
			);
			dependencies = (
			);
			name = 3DPrintMeApp;
			productName = 3DPrintMeApp;
			productReference = A09DF8B11FBB1A2700705C3A /* 3DPrintMeApp.app */;
			productType = "com.apple.product-type.application";
		};
		A09DF8CC1FBB1A2900705C3A /* 3DPrintMeAppTests */ = {
			isa = PBXNativeTarget;
			buildConfigurationList = A09DF8E41FBB1A2A00705C3A /* Build configuration list for PBXNativeTarget "3DPrintMeAppTests" */;
			buildPhases = (
				A09DF8C91FBB1A2900705C3A /* Sources */,
				A09DF8CA1FBB1A2900705C3A /* Frameworks */,
				A09DF8CB1FBB1A2900705C3A /* Resources */,
			);
			buildRules = (
			);
			dependencies = (
				A09DF8CF1FBB1A2900705C3A /* PBXTargetDependency */,
			);
			name = 3DPrintMeAppTests;
			productName = 3DPrintMeAppTests;
			productReference = A09DF8CD1FBB1A2900705C3A /* 3DPrintMeAppTests.xctest */;
			productType = "com.apple.product-type.bundle.unit-test";
		};
		A09DF8D71FBB1A2A00705C3A /* 3DPrintMeAppUITests */ = {
			isa = PBXNativeTarget;
			buildConfigurationList = A09DF8E71FBB1A2A00705C3A /* Build configuration list for PBXNativeTarget "3DPrintMeAppUITests" */;
			buildPhases = (
				A09DF8D41FBB1A2A00705C3A /* Sources */,
				A09DF8D51FBB1A2A00705C3A /* Frameworks */,
				A09DF8D61FBB1A2A00705C3A /* Resources */,
			);
			buildRules = (
			);
			dependencies = (
				A09DF8DA1FBB1A2A00705C3A /* PBXTargetDependency */,
			);
			name = 3DPrintMeAppUITests;
			productName = 3DPrintMeAppUITests;
			productReference = A09DF8D81FBB1A2A00705C3A /* 3DPrintMeAppUITests.xctest */;
			productType = "com.apple.product-type.bundle.ui-testing";
		};
/* End PBXNativeTarget section */

/* Begin PBXProject section */
		A09DF8A91FBB1A2600705C3A /* Project object */ = {
			isa = PBXProject;
			attributes = {
				KnownAssetTags = (
					kjhj,
				);
				LastUpgradeCheck = 0800;
				ORGANIZATIONNAME = "University of Leeds";
				TargetAttributes = {
					A09DF8B01FBB1A2700705C3A = {
						CreatedOnToolsVersion = 8.0;
						ProvisioningStyle = Automatic;
					};
					A09DF8CC1FBB1A2900705C3A = {
						CreatedOnToolsVersion = 8.0;
						ProvisioningStyle = Automatic;
						TestTargetID = A09DF8B01FBB1A2700705C3A;
					};
					A09DF8D71FBB1A2A00705C3A = {
						CreatedOnToolsVersion = 8.0;
						ProvisioningStyle = Automatic;
						TestTargetID = A09DF8B01FBB1A2700705C3A;
					};
				};
			};
			buildConfigurationList = A09DF8AC1FBB1A2600705C3A /* Build configuration list for PBXProject "3DPrintMeApp" */;
			compatibilityVersion = "Xcode 3.2";
			developmentRegion = English;
			hasScannedForEncodings = 0;
			knownRegions = (
				en,
				Base,
			);
			mainGroup = A09DF8A81FBB1A2600705C3A;
			productRefGroup = A09DF8B21FBB1A2700705C3A /* Products */;
			projectDirPath = "";
			projectRoot = "";
			targets = (
				A09DF8B01FBB1A2700705C3A /* 3DPrintMeApp */,
				A09DF8CC1FBB1A2900705C3A /* 3DPrintMeAppTests */,
				A09DF8D71FBB1A2A00705C3A /* 3DPrintMeAppUITests */,
			);
		};
/* End PBXProject section */

/* Begin PBXResourcesBuildPhase section */
		A09DF8AF1FBB1A2700705C3A /* Resources */ = {
			isa = PBXResourcesBuildPhase;
			buildActionMask = 2147483647;
			files = (
				A09DF8C71FBB1A2800705C3A /* LaunchScreen.storyboard in Resources */,
				A08C05871FD1C82C0094BFD2 /* Logo Base.png in Resources */,
				A08C057C1FD1C6300094BFD2 /* LaunchScreen.jpg in Resources */,
				A09DF8C41FBB1A2800705C3A /* Assets.xcassets in Resources */,
				A0ACEE841FD85FBF0083921B /* Material_PC.jpg in Resources */,
				A0F331621FD0154A00361E11 /* FDM_printing.png in Resources */,
				A09DF8C21FBB1A2800705C3A /* Main.storyboard in Resources */,
				A0ACEE871FD85FBF0083921B /* Material_TPU.jpg in Resources */,
				A0ACEE821FD85FBF0083921B /* Material_ASA.jpg in Resources */,
				A08581F41FD1577A00781E53 /* SLS_printing.jpg in Resources */,
				A0D28A531FD963940086737E /* 3dObject.stl in Resources */,
				A0ACEE831FD85FBF0083921B /* Material_Nylon.jpg in Resources */,
				A0F331631FD0154A00361E11 /* SLA_printing.png in Resources */,
				A031A4111FD6AD04003842A5 /* TopBar.png in Resources */,
				A0ACEE851FD85FBF0083921B /* Material_PETG.jpg in Resources */,
				A0ACEE861FD85FBF0083921B /* Material_PLA.jpg in Resources */,
				A0ACEE811FD85FBF0083921B /* Material_ABS.jpg in Resources */,
			);
			runOnlyForDeploymentPostprocessing = 0;
		};
		A09DF8CB1FBB1A2900705C3A /* Resources */ = {
			isa = PBXResourcesBuildPhase;
			buildActionMask = 2147483647;
			files = (
			);
			runOnlyForDeploymentPostprocessing = 0;
		};
		A09DF8D61FBB1A2A00705C3A /* Resources */ = {
			isa = PBXResourcesBuildPhase;
			buildActionMask = 2147483647;
			files = (
			);
			runOnlyForDeploymentPostprocessing = 0;
		};
/* End PBXResourcesBuildPhase section */

/* Begin PBXSourcesBuildPhase section */
		A09DF8AD1FBB1A2700705C3A /* Sources */ = {
			isa = PBXSourcesBuildPhase;
			buildActionMask = 2147483647;
			files = (
				A085C8EB1FC73AA300041D5B /* material.m in Sources */,
				A0D28A4E1FD95B800086737E /* modelViewer.m in Sources */,
				A058F3441FD96EC300BD4FAA /* ExampleModel.m in Sources */,
				A0085D3C1FC751560002C579 /* FirstTabViewController.m in Sources */,
				A0AAC6F01FD5915F00152110 /* STLParser.m in Sources */,
				A09DF8BF1FBB1A2800705C3A /* SecondViewController.m in Sources */,
				A09DF8B91FBB1A2700705C3A /* AppDelegate.m in Sources */,
				A033421F1FD6CBB8003E6F97 /* TabController.m in Sources */,
				A0B85D671FC469E6006ABC1E /* DetailViewController.m in Sources */,
				A0C79AF81FC449D600379BE5 /* ThirdTabControllerViewController.m in Sources */,
				A0D28A481FD93FE00086737E /* Hub.m in Sources */,
				A03AD3DF1FC85B78009F1269 /* MaterialDetailViewController.m in Sources */,
				A029A3531FCD72A600DF6AA5 /* TabDataClass.m in Sources */,
				A0C79AFE1FC459D800379BE5 /* DataModel.m in Sources */,
				A058F3471FD9739100BD4FAA /* examplesTableViewController.m in Sources */,
				A09DF8B61FBB1A2700705C3A /* main.m in Sources */,
				A08582071FD1790200781E53 /* StartViewController.m in Sources */,
				A0B85D641FC462C6006ABC1E /* LearningCentreTableViewController.m in Sources */,
				A0C79AFB1FC44C4B00379BE5 /* process.m in Sources */,
				A02E4FBA1FD1909B00906EFF /* MapViewController.m in Sources */,
			);
			runOnlyForDeploymentPostprocessing = 0;
		};
		A09DF8C91FBB1A2900705C3A /* Sources */ = {
			isa = PBXSourcesBuildPhase;
			buildActionMask = 2147483647;
			files = (
				A09DF8D21FBB1A2900705C3A /* _DPrintMeAppTests.m in Sources */,
			);
			runOnlyForDeploymentPostprocessing = 0;
		};
		A09DF8D41FBB1A2A00705C3A /* Sources */ = {
			isa = PBXSourcesBuildPhase;
			buildActionMask = 2147483647;
			files = (
				A09DF8DD1FBB1A2A00705C3A /* _DPrintMeAppUITests.m in Sources */,
			);
			runOnlyForDeploymentPostprocessing = 0;
		};
/* End PBXSourcesBuildPhase section */

/* Begin PBXTargetDependency section */
		A09DF8CF1FBB1A2900705C3A /* PBXTargetDependency */ = {
			isa = PBXTargetDependency;
			target = A09DF8B01FBB1A2700705C3A /* 3DPrintMeApp */;
			targetProxy = A09DF8CE1FBB1A2900705C3A /* PBXContainerItemProxy */;
		};
		A09DF8DA1FBB1A2A00705C3A /* PBXTargetDependency */ = {
			isa = PBXTargetDependency;
			target = A09DF8B01FBB1A2700705C3A /* 3DPrintMeApp */;
			targetProxy = A09DF8D91FBB1A2A00705C3A /* PBXContainerItemProxy */;
		};
/* End PBXTargetDependency section */

/* Begin PBXVariantGroup section */
		A09DF8C01FBB1A2800705C3A /* Main.storyboard */ = {
			isa = PBXVariantGroup;
			children = (
				A09DF8C11FBB1A2800705C3A /* Base */,
			);
			name = Main.storyboard;
			sourceTree = "<group>";
		};
		A09DF8C51FBB1A2800705C3A /* LaunchScreen.storyboard */ = {
			isa = PBXVariantGroup;
			children = (
				A09DF8C61FBB1A2800705C3A /* Base */,
			);
			name = LaunchScreen.storyboard;
			sourceTree = "<group>";
		};
/* End PBXVariantGroup section */

/* Begin XCBuildConfiguration section */
		A09DF8DF1FBB1A2A00705C3A /* Debug */ = {
			isa = XCBuildConfiguration;
			buildSettings = {
				ALWAYS_SEARCH_USER_PATHS = NO;
				CLANG_ANALYZER_NONNULL = YES;
				CLANG_CXX_LANGUAGE_STANDARD = "gnu++0x";
				CLANG_CXX_LIBRARY = "libc++";
				CLANG_ENABLE_MODULES = YES;
				CLANG_ENABLE_OBJC_ARC = YES;
				CLANG_WARN_BOOL_CONVERSION = YES;
				CLANG_WARN_CONSTANT_CONVERSION = YES;
				CLANG_WARN_DIRECT_OBJC_ISA_USAGE = YES_ERROR;
				CLANG_WARN_DOCUMENTATION_COMMENTS = YES;
				CLANG_WARN_EMPTY_BODY = YES;
				CLANG_WARN_ENUM_CONVERSION = YES;
				CLANG_WARN_INFINITE_RECURSION = YES;
				CLANG_WARN_INT_CONVERSION = YES;
				CLANG_WARN_OBJC_ROOT_CLASS = YES_ERROR;
				CLANG_WARN_SUSPICIOUS_MOVES = YES;
				CLANG_WARN_UNREACHABLE_CODE = YES;
				CLANG_WARN__DUPLICATE_METHOD_MATCH = YES;
				"CODE_SIGN_IDENTITY[sdk=iphoneos*]" = "iPhone Developer";
				COPY_PHASE_STRIP = NO;
				DEBUG_INFORMATION_FORMAT = dwarf;
				ENABLE_STRICT_OBJC_MSGSEND = YES;
				ENABLE_TESTABILITY = YES;
				GCC_C_LANGUAGE_STANDARD = gnu99;
				GCC_DYNAMIC_NO_PIC = NO;
				GCC_NO_COMMON_BLOCKS = YES;
				GCC_OPTIMIZATION_LEVEL = 0;
				GCC_PREPROCESSOR_DEFINITIONS = (
					"DEBUG=1",
					"$(inherited)",
				);
				GCC_WARN_64_TO_32_BIT_CONVERSION = YES;
				GCC_WARN_ABOUT_RETURN_TYPE = YES_ERROR;
				GCC_WARN_UNDECLARED_SELECTOR = YES;
				GCC_WARN_UNINITIALIZED_AUTOS = YES_AGGRESSIVE;
				GCC_WARN_UNUSED_FUNCTION = YES;
				GCC_WARN_UNUSED_VARIABLE = YES;
				IPHONEOS_DEPLOYMENT_TARGET = 10.0;
				MTL_ENABLE_DEBUG_INFO = YES;
				ONLY_ACTIVE_ARCH = YES;
				SDKROOT = iphoneos;
				TARGETED_DEVICE_FAMILY = "1,2";
			};
			name = Debug;
		};
		A09DF8E01FBB1A2A00705C3A /* Release */ = {
			isa = XCBuildConfiguration;
			buildSettings = {
				ALWAYS_SEARCH_USER_PATHS = NO;
				CLANG_ANALYZER_NONNULL = YES;
				CLANG_CXX_LANGUAGE_STANDARD = "gnu++0x";
				CLANG_CXX_LIBRARY = "libc++";
				CLANG_ENABLE_MODULES = YES;
				CLANG_ENABLE_OBJC_ARC = YES;
				CLANG_WARN_BOOL_CONVERSION = YES;
				CLANG_WARN_CONSTANT_CONVERSION = YES;
				CLANG_WARN_DIRECT_OBJC_ISA_USAGE = YES_ERROR;
				CLANG_WARN_DOCUMENTATION_COMMENTS = YES;
				CLANG_WARN_EMPTY_BODY = YES;
				CLANG_WARN_ENUM_CONVERSION = YES;
				CLANG_WARN_INFINITE_RECURSION = YES;
				CLANG_WARN_INT_CONVERSION = YES;
				CLANG_WARN_OBJC_ROOT_CLASS = YES_ERROR;
				CLANG_WARN_SUSPICIOUS_MOVES = YES;
				CLANG_WARN_UNREACHABLE_CODE = YES;
				CLANG_WARN__DUPLICATE_METHOD_MATCH = YES;
				"CODE_SIGN_IDENTITY[sdk=iphoneos*]" = "iPhone Developer";
				COPY_PHASE_STRIP = NO;
				DEBUG_INFORMATION_FORMAT = "dwarf-with-dsym";
				ENABLE_NS_ASSERTIONS = NO;
				ENABLE_STRICT_OBJC_MSGSEND = YES;
				GCC_C_LANGUAGE_STANDARD = gnu99;
				GCC_NO_COMMON_BLOCKS = YES;
				GCC_WARN_64_TO_32_BIT_CONVERSION = YES;
				GCC_WARN_ABOUT_RETURN_TYPE = YES_ERROR;
				GCC_WARN_UNDECLARED_SELECTOR = YES;
				GCC_WARN_UNINITIALIZED_AUTOS = YES_AGGRESSIVE;
				GCC_WARN_UNUSED_FUNCTION = YES;
				GCC_WARN_UNUSED_VARIABLE = YES;
				IPHONEOS_DEPLOYMENT_TARGET = 10.0;
				MTL_ENABLE_DEBUG_INFO = NO;
				SDKROOT = iphoneos;
				TARGETED_DEVICE_FAMILY = "1,2";
				VALIDATE_PRODUCT = YES;
			};
			name = Release;
		};
		A09DF8E21FBB1A2A00705C3A /* Debug */ = {
			isa = XCBuildConfiguration;
			buildSettings = {
				ASSETCATALOG_COMPILER_APPICON_NAME = AppIcon;
				INFOPLIST_FILE = 3DPrintMeApp/Info.plist;
				LD_RUNPATH_SEARCH_PATHS = "$(inherited) @executable_path/Frameworks";
				PRODUCT_BUNDLE_IDENTIFIER = "uk.ac.leeds.-DPrintMeApp";
				PRODUCT_NAME = "$(TARGET_NAME)";
			};
			name = Debug;
		};
		A09DF8E31FBB1A2A00705C3A /* Release */ = {
			isa = XCBuildConfiguration;
			buildSettings = {
				ASSETCATALOG_COMPILER_APPICON_NAME = AppIcon;
				INFOPLIST_FILE = 3DPrintMeApp/Info.plist;
				LD_RUNPATH_SEARCH_PATHS = "$(inherited) @executable_path/Frameworks";
				PRODUCT_BUNDLE_IDENTIFIER = "uk.ac.leeds.-DPrintMeApp";
				PRODUCT_NAME = "$(TARGET_NAME)";
			};
			name = Release;
		};
		A09DF8E51FBB1A2A00705C3A /* Debug */ = {
			isa = XCBuildConfiguration;
			buildSettings = {
				BUNDLE_LOADER = "$(TEST_HOST)";
				INFOPLIST_FILE = 3DPrintMeAppTests/Info.plist;
				LD_RUNPATH_SEARCH_PATHS = "$(inherited) @executable_path/Frameworks @loader_path/Frameworks";
				PRODUCT_BUNDLE_IDENTIFIER = "uk.ac.leeds.-DPrintMeAppTests";
				PRODUCT_NAME = "$(TARGET_NAME)";
				TEST_HOST = "$(BUILT_PRODUCTS_DIR)/3DPrintMeApp.app/3DPrintMeApp";
			};
			name = Debug;
		};
		A09DF8E61FBB1A2A00705C3A /* Release */ = {
			isa = XCBuildConfiguration;
			buildSettings = {
				BUNDLE_LOADER = "$(TEST_HOST)";
				INFOPLIST_FILE = 3DPrintMeAppTests/Info.plist;
				LD_RUNPATH_SEARCH_PATHS = "$(inherited) @executable_path/Frameworks @loader_path/Frameworks";
				PRODUCT_BUNDLE_IDENTIFIER = "uk.ac.leeds.-DPrintMeAppTests";
				PRODUCT_NAME = "$(TARGET_NAME)";
				TEST_HOST = "$(BUILT_PRODUCTS_DIR)/3DPrintMeApp.app/3DPrintMeApp";
			};
			name = Release;
		};
		A09DF8E81FBB1A2A00705C3A /* Debug */ = {
			isa = XCBuildConfiguration;
			buildSettings = {
				INFOPLIST_FILE = 3DPrintMeAppUITests/Info.plist;
				LD_RUNPATH_SEARCH_PATHS = "$(inherited) @executable_path/Frameworks @loader_path/Frameworks";
				PRODUCT_BUNDLE_IDENTIFIER = "uk.ac.leeds.-DPrintMeAppUITests";
				PRODUCT_NAME = "$(TARGET_NAME)";
				TEST_TARGET_NAME = 3DPrintMeApp;
			};
			name = Debug;
		};
		A09DF8E91FBB1A2A00705C3A /* Release */ = {
			isa = XCBuildConfiguration;
			buildSettings = {
				INFOPLIST_FILE = 3DPrintMeAppUITests/Info.plist;
				LD_RUNPATH_SEARCH_PATHS = "$(inherited) @executable_path/Frameworks @loader_path/Frameworks";
				PRODUCT_BUNDLE_IDENTIFIER = "uk.ac.leeds.-DPrintMeAppUITests";
				PRODUCT_NAME = "$(TARGET_NAME)";
				TEST_TARGET_NAME = 3DPrintMeApp;
			};
			name = Release;
		};
/* End XCBuildConfiguration section */

/* Begin XCConfigurationList section */
		A09DF8AC1FBB1A2600705C3A /* Build configuration list for PBXProject "3DPrintMeApp" */ = {
			isa = XCConfigurationList;
			buildConfigurations = (
				A09DF8DF1FBB1A2A00705C3A /* Debug */,
				A09DF8E01FBB1A2A00705C3A /* Release */,
			);
			defaultConfigurationIsVisible = 0;
			defaultConfigurationName = Release;
		};
		A09DF8E11FBB1A2A00705C3A /* Build configuration list for PBXNativeTarget "3DPrintMeApp" */ = {
			isa = XCConfigurationList;
			buildConfigurations = (
				A09DF8E21FBB1A2A00705C3A /* Debug */,
				A09DF8E31FBB1A2A00705C3A /* Release */,
			);
			defaultConfigurationIsVisible = 0;
			defaultConfigurationName = Release;
		};
		A09DF8E41FBB1A2A00705C3A /* Build configuration list for PBXNativeTarget "3DPrintMeAppTests" */ = {
			isa = XCConfigurationList;
			buildConfigurations = (
				A09DF8E51FBB1A2A00705C3A /* Debug */,
				A09DF8E61FBB1A2A00705C3A /* Release */,
			);
			defaultConfigurationIsVisible = 0;
			defaultConfigurationName = Release;
		};
		A09DF8E71FBB1A2A00705C3A /* Build configuration list for PBXNativeTarget "3DPrintMeAppUITests" */ = {
			isa = XCConfigurationList;
			buildConfigurations = (
				A09DF8E81FBB1A2A00705C3A /* Debug */,
				A09DF8E91FBB1A2A00705C3A /* Release */,
			);
			defaultConfigurationIsVisible = 0;
			defaultConfigurationName = Release;
		};
/* End XCConfigurationList section */
	};
	rootObject = A09DF8A91FBB1A2600705C3A /* Project object */;
}
